
Microsoft Visual Studio Solution File, Format Version 12.00
# Visual Studio Version 16
VisualStudioVersion = 16.0.28803.202
MinimumVisualStudioVersion = 10.0.40219.1
Project("{FAE04EC0-301F-11D3-BF4B-00C04F79EFBC}") = "ASPNETCoreWebAPI", "ASPNETCoreWebAPI\ASPNETCoreWebAPI.csproj", "{EC80D2E0-6932-477B-8173-F511E4E5BE12}"
EndProject
Global
	GlobalSection(SolutionConfigurationPlatforms) = preSolution
		Debug|Any CPU = Debug|Any CPU
		Release|Any CPU = Release|Any CPU
	EndGlobalSection
	GlobalSection(ProjectConfigurationPlatforms) = postSolution
		{EC80D2E0-6932-477B-8173-F511E4E5BE12}.Debug|Any CPU.ActiveCfg = Debug|Any CPU
		{EC80D2E0-6932-477B-8173-F511E4E5BE12}.Debug|Any CPU.Build.0 = Debug|Any CPU
		{EC80D2E0-6932-477B-8173-F511E4E5BE12}.Release|Any CPU.ActiveCfg = Release|Any CPU
		{EC80D2E0-6932-477B-8173-F511E4E5BE12}.Release|Any CPU.Build.0 = Release|Any CPU
	EndGlobalSection
	GlobalSection(SolutionProperties) = preSolution
		HideSolutionNode = FALSE
	EndGlobalSection
	GlobalSection(ExtensibilityGlobals) = postSolution
		SolutionGuid = {41C9516E-C237-487B-923E-09EAAA9160F1}
	EndGlobalSection
EndGlobal
